
Microsoft Visual Studio Solution File, Format Version 12.00
# Visual Studio 15
VisualStudioVersion = 15.0.26124.0
MinimumVisualStudioVersion = 15.0.26124.0
Project("{2150E333-8FDC-42A3-9474-1A3956D46DE8}") = "src", "src", "{1C6CEF09-6CE0-4AE8-9D5E-C0AA932FC7F2}"
EndProject
Project("{FAE04EC0-301F-11D3-BF4B-00C04F79EFBC}") = "Domain", "src\Domain\Domain.csproj", "{5AEEDDCF-FABD-41C5-BA4D-800DFF6BC2EA}"
EndProject
Project("{FAE04EC0-301F-11D3-BF4B-00C04F79EFBC}") = "Service", "src\Service\Service.csproj", "{2B4CE48E-B3D1-45A9-89FB-083FAC411CE0}"
EndProject
Project("{FAE04EC0-301F-11D3-BF4B-00C04F79EFBC}") = "Repository", "src\Repository\Repository.csproj", "{5E483127-C081-453E-9DC9-19C25850D34D}"
EndProject
Project("{2150E333-8FDC-42A3-9474-1A3956D46DE8}") = "Web", "Web", "{DD6F171B-E2DF-4579-80E2-21F07BF196CB}"
EndProject
Project("{FAE04EC0-301F-11D3-BF4B-00C04F79EFBC}") = "Api", "src\Web\Api\Api.csproj", "{B3D9EA7F-01EA-4E65-99EF-107486BFB746}"
EndProject
Project("{FAE04EC0-301F-11D3-BF4B-00C04F79EFBC}") = "UnitTests", "src\Web\UnitTests\UnitTests.csproj", "{791C71B0-703B-4CEB-8B8A-7A299B4023E1}"
EndProject
Global
	GlobalSection(SolutionConfigurationPlatforms) = preSolution
		Debug|Any CPU = Debug|Any CPU
		Debug|x64 = Debug|x64
		Debug|x86 = Debug|x86
		Release|Any CPU = Release|Any CPU
		Release|x64 = Release|x64
		Release|x86 = Release|x86
	EndGlobalSection
	GlobalSection(SolutionProperties) = preSolution
		HideSolutionNode = FALSE
	EndGlobalSection
	GlobalSection(ProjectConfigurationPlatforms) = postSolution
		{5AEEDDCF-FABD-41C5-BA4D-800DFF6BC2EA}.Debug|Any CPU.ActiveCfg = Debug|Any CPU
		{5AEEDDCF-FABD-41C5-BA4D-800DFF6BC2EA}.Debug|Any CPU.Build.0 = Debug|Any CPU
		{5AEEDDCF-FABD-41C5-BA4D-800DFF6BC2EA}.Debug|x64.ActiveCfg = Debug|x64
		{5AEEDDCF-FABD-41C5-BA4D-800DFF6BC2EA}.Debug|x64.Build.0 = Debug|x64
		{5AEEDDCF-FABD-41C5-BA4D-800DFF6BC2EA}.Debug|x86.ActiveCfg = Debug|x86
		{5AEEDDCF-FABD-41C5-BA4D-800DFF6BC2EA}.Debug|x86.Build.0 = Debug|x86
		{5AEEDDCF-FABD-41C5-BA4D-800DFF6BC2EA}.Release|Any CPU.ActiveCfg = Release|Any CPU
		{5AEEDDCF-FABD-41C5-BA4D-800DFF6BC2EA}.Release|Any CPU.Build.0 = Release|Any CPU
		{5AEEDDCF-FABD-41C5-BA4D-800DFF6BC2EA}.Release|x64.ActiveCfg = Release|x64
		{5AEEDDCF-FABD-41C5-BA4D-800DFF6BC2EA}.Release|x64.Build.0 = Release|x64
		{5AEEDDCF-FABD-41C5-BA4D-800DFF6BC2EA}.Release|x86.ActiveCfg = Release|x86
		{5AEEDDCF-FABD-41C5-BA4D-800DFF6BC2EA}.Release|x86.Build.0 = Release|x86
		{2B4CE48E-B3D1-45A9-89FB-083FAC411CE0}.Debug|Any CPU.ActiveCfg = Debug|Any CPU
		{2B4CE48E-B3D1-45A9-89FB-083FAC411CE0}.Debug|Any CPU.Build.0 = Debug|Any CPU
		{2B4CE48E-B3D1-45A9-89FB-083FAC411CE0}.Debug|x64.ActiveCfg = Debug|x64
		{2B4CE48E-B3D1-45A9-89FB-083FAC411CE0}.Debug|x64.Build.0 = Debug|x64
		{2B4CE48E-B3D1-45A9-89FB-083FAC411CE0}.Debug|x86.ActiveCfg = Debug|x86
		{2B4CE48E-B3D1-45A9-89FB-083FAC411CE0}.Debug|x86.Build.0 = Debug|x86
		{2B4CE48E-B3D1-45A9-89FB-083FAC411CE0}.Release|Any CPU.ActiveCfg = Release|Any CPU
		{2B4CE48E-B3D1-45A9-89FB-083FAC411CE0}.Release|Any CPU.Build.0 = Release|Any CPU
		{2B4CE48E-B3D1-45A9-89FB-083FAC411CE0}.Release|x64.ActiveCfg = Release|x64
		{2B4CE48E-B3D1-45A9-89FB-083FAC411CE0}.Release|x64.Build.0 = Release|x64
		{2B4CE48E-B3D1-45A9-89FB-083FAC411CE0}.Release|x86.ActiveCfg = Release|x86
		{2B4CE48E-B3D1-45A9-89FB-083FAC411CE0}.Release|x86.Build.0 = Release|x86
		{5E483127-C081-453E-9DC9-19C25850D34D}.Debug|Any CPU.ActiveCfg = Debug|Any CPU
		{5E483127-C081-453E-9DC9-19C25850D34D}.Debug|Any CPU.Build.0 = Debug|Any CPU
		{5E483127-C081-453E-9DC9-19C25850D34D}.Debug|x64.ActiveCfg = Debug|x64
		{5E483127-C081-453E-9DC9-19C25850D34D}.Debug|x64.Build.0 = Debug|x64
		{5E483127-C081-453E-9DC9-19C25850D34D}.Debug|x86.ActiveCfg = Debug|x86
		{5E483127-C081-453E-9DC9-19C25850D34D}.Debug|x86.Build.0 = Debug|x86
		{5E483127-C081-453E-9DC9-19C25850D34D}.Release|Any CPU.ActiveCfg = Release|Any CPU
		{5E483127-C081-453E-9DC9-19C25850D34D}.Release|Any CPU.Build.0 = Release|Any CPU
		{5E483127-C081-453E-9DC9-19C25850D34D}.Release|x64.ActiveCfg = Release|x64
		{5E483127-C081-453E-9DC9-19C25850D34D}.Release|x64.Build.0 = Release|x64
		{5E483127-C081-453E-9DC9-19C25850D34D}.Release|x86.ActiveCfg = Release|x86
		{5E483127-C081-453E-9DC9-19C25850D34D}.Release|x86.Build.0 = Release|x86
		{B3D9EA7F-01EA-4E65-99EF-107486BFB746}.Debug|Any CPU.ActiveCfg = Debug|Any CPU
		{B3D9EA7F-01EA-4E65-99EF-107486BFB746}.Debug|Any CPU.Build.0 = Debug|Any CPU
		{B3D9EA7F-01EA-4E65-99EF-107486BFB746}.Debug|x64.ActiveCfg = Debug|x64
		{B3D9EA7F-01EA-4E65-99EF-107486BFB746}.Debug|x64.Build.0 = Debug|x64
		{B3D9EA7F-01EA-4E65-99EF-107486BFB746}.Debug|x86.ActiveCfg = Debug|x86
		{B3D9EA7F-01EA-4E65-99EF-107486BFB746}.Debug|x86.Build.0 = Debug|x86
		{B3D9EA7F-01EA-4E65-99EF-107486BFB746}.Release|Any CPU.ActiveCfg = Release|Any CPU
		{B3D9EA7F-01EA-4E65-99EF-107486BFB746}.Release|Any CPU.Build.0 = Release|Any CPU
		{B3D9EA7F-01EA-4E65-99EF-107486BFB746}.Release|x64.ActiveCfg = Release|x64
		{B3D9EA7F-01EA-4E65-99EF-107486BFB746}.Release|x64.Build.0 = Release|x64
		{B3D9EA7F-01EA-4E65-99EF-107486BFB746}.Release|x86.ActiveCfg = Release|x86
		{B3D9EA7F-01EA-4E65-99EF-107486BFB746}.Release|x86.Build.0 = Release|x86
		{791C71B0-703B-4CEB-8B8A-7A299B4023E1}.Debug|Any CPU.ActiveCfg = Debug|Any CPU
		{791C71B0-703B-4CEB-8B8A-7A299B4023E1}.Debug|Any CPU.Build.0 = Debug|Any CPU
		{791C71B0-703B-4CEB-8B8A-7A299B4023E1}.Debug|x64.ActiveCfg = Debug|x64
		{791C71B0-703B-4CEB-8B8A-7A299B4023E1}.Debug|x64.Build.0 = Debug|x64
		{791C71B0-703B-4CEB-8B8A-7A299B4023E1}.Debug|x86.ActiveCfg = Debug|x86
		{791C71B0-703B-4CEB-8B8A-7A299B4023E1}.Debug|x86.Build.0 = Debug|x86
		{791C71B0-703B-4CEB-8B8A-7A299B4023E1}.Release|Any CPU.ActiveCfg = Release|Any CPU
		{791C71B0-703B-4CEB-8B8A-7A299B4023E1}.Release|Any CPU.Build.0 = Release|Any CPU
		{791C71B0-703B-4CEB-8B8A-7A299B4023E1}.Release|x64.ActiveCfg = Release|x64
		{791C71B0-703B-4CEB-8B8A-7A299B4023E1}.Release|x64.Build.0 = Release|x64
		{791C71B0-703B-4CEB-8B8A-7A299B4023E1}.Release|x86.ActiveCfg = Release|x86
		{791C71B0-703B-4CEB-8B8A-7A299B4023E1}.Release|x86.Build.0 = Release|x86
	EndGlobalSection
	GlobalSection(NestedProjects) = preSolution
		{5AEEDDCF-FABD-41C5-BA4D-800DFF6BC2EA} = {1C6CEF09-6CE0-4AE8-9D5E-C0AA932FC7F2}
		{2B4CE48E-B3D1-45A9-89FB-083FAC411CE0} = {1C6CEF09-6CE0-4AE8-9D5E-C0AA932FC7F2}
		{5E483127-C081-453E-9DC9-19C25850D34D} = {1C6CEF09-6CE0-4AE8-9D5E-C0AA932FC7F2}
		{DD6F171B-E2DF-4579-80E2-21F07BF196CB} = {1C6CEF09-6CE0-4AE8-9D5E-C0AA932FC7F2}
		{B3D9EA7F-01EA-4E65-99EF-107486BFB746} = {DD6F171B-E2DF-4579-80E2-21F07BF196CB}
		{791C71B0-703B-4CEB-8B8A-7A299B4023E1} = {DD6F171B-E2DF-4579-80E2-21F07BF196CB}
	EndGlobalSection
EndGlobal
